
Microsoft Visual Studio Solution File, Format Version 12.00
# Visual Studio Version 16
VisualStudioVersion = 16.0.31112.23
MinimumVisualStudioVersion = 10.0.40219.1
Project("{FAE04EC0-301F-11D3-BF4B-00C04F79EFBC}") = "uwpPlatformer", "uwpPlatformer.csproj", "{87C81229-AFB2-4583-8793-6FEF96132CA2}"
EndProject
Project("{2150E333-8FDC-42A3-9474-1A3956D46DE8}") = "Solution Items", "Solution Items", "{28E869E3-E06C-4BE6-B942-1AC494BBD513}"
	ProjectSection(SolutionItems) = preProject
		.editorconfig = .editorconfig
	EndProjectSection
EndProject
Project("{9A19103F-16F7-4668-BE54-9A1E7A4F7556}") = "GamesLibrary", "GamesLibrary\GamesLibrary.csproj", "{273803E7-8BCF-4760-A434-C9FBA237EFA0}"
EndProject
Project("{9A19103F-16F7-4668-BE54-9A1E7A4F7556}") = "GamesLibrary.Test", "..\GamesLibrary.Test\GamesLibrary.Test.csproj", "{AF50F0CD-8F02-424D-A375-723FE024DACD}"
EndProject
Global
	GlobalSection(SolutionConfigurationPlatforms) = preSolution
		Debug|Any CPU = Debug|Any CPU
		Debug|ARM = Debug|ARM
		Debug|ARM64 = Debug|ARM64
		Debug|x64 = Debug|x64
		Debug|x86 = Debug|x86
		Release|Any CPU = Release|Any CPU
		Release|ARM = Release|ARM
		Release|ARM64 = Release|ARM64
		Release|x64 = Release|x64
		Release|x86 = Release|x86
	EndGlobalSection
	GlobalSection(ProjectConfigurationPlatforms) = postSolution
		{87C81229-AFB2-4583-8793-6FEF96132CA2}.Debug|Any CPU.ActiveCfg = Debug|x64
		{87C81229-AFB2-4583-8793-6FEF96132CA2}.Debug|Any CPU.Build.0 = Debug|x64
		{87C81229-AFB2-4583-8793-6FEF96132CA2}.Debug|Any CPU.Deploy.0 = Debug|x64
		{87C81229-AFB2-4583-8793-6FEF96132CA2}.Debug|ARM.ActiveCfg = Debug|ARM
		{87C81229-AFB2-4583-8793-6FEF96132CA2}.Debug|ARM.Build.0 = Debug|ARM
		{87C81229-AFB2-4583-8793-6FEF96132CA2}.Debug|ARM.Deploy.0 = Debug|ARM
		{87C81229-AFB2-4583-8793-6FEF96132CA2}.Debug|ARM64.ActiveCfg = Debug|ARM64
		{87C81229-AFB2-4583-8793-6FEF96132CA2}.Debug|ARM64.Build.0 = Debug|ARM64
		{87C81229-AFB2-4583-8793-6FEF96132CA2}.Debug|ARM64.Deploy.0 = Debug|ARM64
		{87C81229-AFB2-4583-8793-6FEF96132CA2}.Debug|x64.ActiveCfg = Debug|x64
		{87C81229-AFB2-4583-8793-6FEF96132CA2}.Debug|x64.Build.0 = Debug|x64
		{87C81229-AFB2-4583-8793-6FEF96132CA2}.Debug|x64.Deploy.0 = Debug|x64
		{87C81229-AFB2-4583-8793-6FEF96132CA2}.Debug|x86.ActiveCfg = Debug|x86
		{87C81229-AFB2-4583-8793-6FEF96132CA2}.Debug|x86.Build.0 = Debug|x86
		{87C81229-AFB2-4583-8793-6FEF96132CA2}.Debug|x86.Deploy.0 = Debug|x86
		{87C81229-AFB2-4583-8793-6FEF96132CA2}.Release|Any CPU.ActiveCfg = Release|x86
		{87C81229-AFB2-4583-8793-6FEF96132CA2}.Release|ARM.ActiveCfg = Release|ARM
		{87C81229-AFB2-4583-8793-6FEF96132CA2}.Release|ARM.Build.0 = Release|ARM
		{87C81229-AFB2-4583-8793-6FEF96132CA2}.Release|ARM.Deploy.0 = Release|ARM
		{87C81229-AFB2-4583-8793-6FEF96132CA2}.Release|ARM64.ActiveCfg = Release|ARM64
		{87C81229-AFB2-4583-8793-6FEF96132CA2}.Release|ARM64.Build.0 = Release|ARM64
		{87C81229-AFB2-4583-8793-6FEF96132CA2}.Release|ARM64.Deploy.0 = Release|ARM64
		{87C81229-AFB2-4583-8793-6FEF96132CA2}.Release|x64.ActiveCfg = Release|x64
		{87C81229-AFB2-4583-8793-6FEF96132CA2}.Release|x64.Build.0 = Release|x64
		{87C81229-AFB2-4583-8793-6FEF96132CA2}.Release|x64.Deploy.0 = Release|x64
		{87C81229-AFB2-4583-8793-6FEF96132CA2}.Release|x86.ActiveCfg = Release|x86
		{87C81229-AFB2-4583-8793-6FEF96132CA2}.Release|x86.Build.0 = Release|x86
		{87C81229-AFB2-4583-8793-6FEF96132CA2}.Release|x86.Deploy.0 = Release|x86
		{273803E7-8BCF-4760-A434-C9FBA237EFA0}.Debug|Any CPU.ActiveCfg = Debug|Any CPU
		{273803E7-8BCF-4760-A434-C9FBA237EFA0}.Debug|Any CPU.Build.0 = Debug|Any CPU
		{273803E7-8BCF-4760-A434-C9FBA237EFA0}.Debug|ARM.ActiveCfg = Debug|Any CPU
		{273803E7-8BCF-4760-A434-C9FBA237EFA0}.Debug|ARM.Build.0 = Debug|Any CPU
		{273803E7-8BCF-4760-A434-C9FBA237EFA0}.Debug|ARM64.ActiveCfg = Debug|Any CPU
		{273803E7-8BCF-4760-A434-C9FBA237EFA0}.Debug|ARM64.Build.0 = Debug|Any CPU
		{273803E7-8BCF-4760-A434-C9FBA237EFA0}.Debug|x64.ActiveCfg = Debug|Any CPU
		{273803E7-8BCF-4760-A434-C9FBA237EFA0}.Debug|x64.Build.0 = Debug|Any CPU
		{273803E7-8BCF-4760-A434-C9FBA237EFA0}.Debug|x86.ActiveCfg = Debug|Any CPU
		{273803E7-8BCF-4760-A434-C9FBA237EFA0}.Debug|x86.Build.0 = Debug|Any CPU
		{273803E7-8BCF-4760-A434-C9FBA237EFA0}.Release|Any CPU.ActiveCfg = Release|Any CPU
		{273803E7-8BCF-4760-A434-C9FBA237EFA0}.Release|Any CPU.Build.0 = Release|Any CPU
		{273803E7-8BCF-4760-A434-C9FBA237EFA0}.Release|ARM.ActiveCfg = Release|Any CPU
		{273803E7-8BCF-4760-A434-C9FBA237EFA0}.Release|ARM.Build.0 = Release|Any CPU
		{273803E7-8BCF-4760-A434-C9FBA237EFA0}.Release|ARM64.ActiveCfg = Release|Any CPU
		{273803E7-8BCF-4760-A434-C9FBA237EFA0}.Release|ARM64.Build.0 = Release|Any CPU
		{273803E7-8BCF-4760-A434-C9FBA237EFA0}.Release|x64.ActiveCfg = Release|Any CPU
		{273803E7-8BCF-4760-A434-C9FBA237EFA0}.Release|x64.Build.0 = Release|Any CPU
		{273803E7-8BCF-4760-A434-C9FBA237EFA0}.Release|x86.ActiveCfg = Release|Any CPU
		{273803E7-8BCF-4760-A434-C9FBA237EFA0}.Release|x86.Build.0 = Release|Any CPU
		{AF50F0CD-8F02-424D-A375-723FE024DACD}.Debug|Any CPU.ActiveCfg = Debug|Any CPU
		{AF50F0CD-8F02-424D-A375-723FE024DACD}.Debug|Any CPU.Build.0 = Debug|Any CPU
		{AF50F0CD-8F02-424D-A375-723FE024DACD}.Debug|ARM.ActiveCfg = Debug|Any CPU
		{AF50F0CD-8F02-424D-A375-723FE024DACD}.Debug|ARM.Build.0 = Debug|Any CPU
		{AF50F0CD-8F02-424D-A375-723FE024DACD}.Debug|ARM64.ActiveCfg = Debug|Any CPU
		{AF50F0CD-8F02-424D-A375-723FE024DACD}.Debug|ARM64.Build.0 = Debug|Any CPU
		{AF50F0CD-8F02-424D-A375-723FE024DACD}.Debug|x64.ActiveCfg = Debug|Any CPU
		{AF50F0CD-8F02-424D-A375-723FE024DACD}.Debug|x64.Build.0 = Debug|Any CPU
		{AF50F0CD-8F02-424D-A375-723FE024DACD}.Debug|x86.ActiveCfg = Debug|Any CPU
		{AF50F0CD-8F02-424D-A375-723FE024DACD}.Debug|x86.Build.0 = Debug|Any CPU
		{AF50F0CD-8F02-424D-A375-723FE024DACD}.Release|Any CPU.ActiveCfg = Release|Any CPU
		{AF50F0CD-8F02-424D-A375-723FE024DACD}.Release|Any CPU.Build.0 = Release|Any CPU
		{AF50F0CD-8F02-424D-A375-723FE024DACD}.Release|ARM.ActiveCfg = Release|Any CPU
		{AF50F0CD-8F02-424D-A375-723FE024DACD}.Release|ARM.Build.0 = Release|Any CPU
		{AF50F0CD-8F02-424D-A375-723FE024DACD}.Release|ARM64.ActiveCfg = Release|Any CPU
		{AF50F0CD-8F02-424D-A375-723FE024DACD}.Release|ARM64.Build.0 = Release|Any CPU
		{AF50F0CD-8F02-424D-A375-723FE024DACD}.Release|x64.ActiveCfg = Release|Any CPU
		{AF50F0CD-8F02-424D-A375-723FE024DACD}.Release|x64.Build.0 = Release|Any CPU
		{AF50F0CD-8F02-424D-A375-723FE024DACD}.Release|x86.ActiveCfg = Release|Any CPU
		{AF50F0CD-8F02-424D-A375-723FE024DACD}.Release|x86.Build.0 = Release|Any CPU
	EndGlobalSection
	GlobalSection(SolutionProperties) = preSolution
		HideSolutionNode = FALSE
	EndGlobalSection
	GlobalSection(ExtensibilityGlobals) = postSolution
		SolutionGuid = {8D365D9C-3557-4447-BA4B-540F22320CB5}
	EndGlobalSection
EndGlobal
